{
  "name": "w3ui",
  "version": "0.0.0",
  "lockfileVersion": 2,
  "requires": true,
  "packages": {
    "": {
      "name": "w3ui",
      "version": "0.0.0",
      "license": "Apache-2.0 OR MIT",
      "workspaces": [
        "packages/react-wallet"
      ]
    },
    "node_modules/react-wallet": {
      "resolved": "packages/react-wallet",
      "link": true
    },
    "packages/react-wallet": {
      "version": "0.0.0",
      "license": "Apache-2.0 OR MIT"
    }
  },
  "dependencies": {
    "react-wallet": {
      "version": "file:packages/react-wallet"
    }
  }
}
